{
  "name": "kotlinmultiplatform-js",
  "version": "1.0.0",
  "lockfileVersion": 1,
  "requires": true,
  "dependencies": {
    "kotlin": {
      "version": "1.2.21",
      "resolved": "https://registry.npmjs.org/kotlin/-/kotlin-1.2.21.tgz",
      "integrity": "sha1-Tq8wsL9RUgA7yNZP0U5+EoEQFKg="
    }
  }
}
